
Microsoft Visual Studio Solution File, Format Version 12.00
# Visual Studio Version 16
VisualStudioVersion = 16.0.31112.23
MinimumVisualStudioVersion = 10.0.40219.1
Project("{FAE04EC0-301F-11D3-BF4B-00C04F79EFBC}") = "DemoApp", "DemoApp\DemoApp.csproj", "{DD940870-8AC5-4BAB-8114-CBDEF2D6C45F}"
EndProject
Global
	GlobalSection(SolutionConfigurationPlatforms) = preSolution
		Debug|Any CPU = Debug|Any CPU
		Release|Any CPU = Release|Any CPU
	EndGlobalSection
	GlobalSection(ProjectConfigurationPlatforms) = postSolution
		{DD940870-8AC5-4BAB-8114-CBDEF2D6C45F}.Debug|Any CPU.ActiveCfg = Debug|Any CPU
		{DD940870-8AC5-4BAB-8114-CBDEF2D6C45F}.Debug|Any CPU.Build.0 = Debug|Any CPU
		{DD940870-8AC5-4BAB-8114-CBDEF2D6C45F}.Release|Any CPU.ActiveCfg = Release|Any CPU
		{DD940870-8AC5-4BAB-8114-CBDEF2D6C45F}.Release|Any CPU.Build.0 = Release|Any CPU
	EndGlobalSection
	GlobalSection(SolutionProperties) = preSolution
		HideSolutionNode = FALSE
	EndGlobalSection
	GlobalSection(ExtensibilityGlobals) = postSolution
		SolutionGuid = {046C8961-3F08-4A9E-9DC4-4A1BBD11EF2F}
	EndGlobalSection
EndGlobal
